dependencies:
- name: app-template
  repository: https://bjw-s-labs.github.io/helm-charts
  version: 4.1.1
- name: common
  repository: oci://registry-1.docker.io/bitnamicharts
  version: 2.31.3
- name: postgresql
  repository: oci://registry-1.docker.io/bitnamicharts
  version: 16.7.13
- name: minio
  repository: oci://registry-1.docker.io/bitnamicharts
  version: 17.0.6
- name: redis
  repository: oci://registry-1.docker.io/bitnamicharts
  version: 21.2.5
- name: jaeger
  repository: oci://registry-1.docker.io/bitnamicharts
  version: 5.1.22
- name: adminer
  repository: https://startechnica.github.io/apps
  version: 0.1.8
digest: sha256:ec628f1f02fe0d0cc6c00bac722350881c969783078bbdd7e716be9348bdb8e9
generated: "2025-06-21T21:11:28.781361+02:00"
