dependencies:
- name: common
  repository: oci://registry-1.docker.io/bitnamicharts
  version: 2.31.3
- name: postgresql
  repository: oci://registry-1.docker.io/bitnamicharts
  version: 16.7.12
- name: minio
  repository: oci://registry-1.docker.io/bitnamicharts
  version: 17.0.5
- name: redis
  repository: oci://registry-1.docker.io/bitnamicharts
  version: 21.2.4
- name: jaeger
  repository: oci://registry-1.docker.io/bitnamicharts
  version: 5.1.22
- name: adminer
  repository: https://startechnica.github.io/apps
  version: 0.1.8
digest: sha256:f13274383c92960e9eb51d109b86e4a0f84f7f576e49679d60ac48f1c51a8859
generated: "2025-06-17T15:40:19.503664+02:00"
