dependencies:
- name: common
  repository: oci://registry-1.docker.io/bitnamicharts
  version: 2.31.3
- name: redis
  repository: https://charts.bitnami.com/bitnami
  version: 21.2.6
digest: sha256:a4596c0a3c135ca642ed4bea772e77e8b1a07d94433e60d786bbe757a6724781
generated: "2025-06-29T19:49:06.856312+02:00"
